
Microsoft Visual Studio Solution File, Format Version 12.00
# Visual Studio 15
VisualStudioVersion = 15.0.28307.102
MinimumVisualStudioVersion = 10.0.40219.1
Project("{8BC9CEB8-8B4A-11D0-8D11-00A0C91BC942}") = "Project1", "Project1\Project1.vcxproj", "{6AEA2A66-6A7E-4BF6-8791-4E1A2292DF75}"
EndProject
Global
	GlobalSection(SolutionConfigurationPlatforms) = preSolution
		Debug|x64 = Debug|x64
		Debug|x86 = Debug|x86
		Release|x64 = Release|x64
		Release|x86 = Release|x86
	EndGlobalSection
	GlobalSection(ProjectConfigurationPlatforms) = postSolution
		{6AEA2A66-6A7E-4BF6-8791-4E1A2292DF75}.Debug|x64.ActiveCfg = Debug|x64
		{6AEA2A66-6A7E-4BF6-8791-4E1A2292DF75}.Debug|x64.Build.0 = Debug|x64
		{6AEA2A66-6A7E-4BF6-8791-4E1A2292DF75}.Debug|x86.ActiveCfg = Debug|Win32
		{6AEA2A66-6A7E-4BF6-8791-4E1A2292DF75}.Debug|x86.Build.0 = Debug|Win32
		{6AEA2A66-6A7E-4BF6-8791-4E1A2292DF75}.Release|x64.ActiveCfg = Release|x64
		{6AEA2A66-6A7E-4BF6-8791-4E1A2292DF75}.Release|x64.Build.0 = Release|x64
		{6AEA2A66-6A7E-4BF6-8791-4E1A2292DF75}.Release|x86.ActiveCfg = Release|Win32
		{6AEA2A66-6A7E-4BF6-8791-4E1A2292DF75}.Release|x86.Build.0 = Release|Win32
	EndGlobalSection
	GlobalSection(SolutionProperties) = preSolution
		HideSolutionNode = FALSE
	EndGlobalSection
	GlobalSection(ExtensibilityGlobals) = postSolution
		SolutionGuid = {EBA7F137-6C1D-4163-B573-B32F66C60F53}
	EndGlobalSection
EndGlobal
