
Microsoft Visual Studio Solution File, Format Version 12.00
# Visual Studio 15
VisualStudioVersion = 15.0.28307.102
MinimumVisualStudioVersion = 10.0.40219.1
Project("{8BC9CEB8-8B4A-11D0-8D11-00A0C91BC942}") = "Lab 6", "Lab 6\Lab 6.vcxproj", "{97FDDB86-01BA-45EE-9872-E36C6C1B35C9}"
EndProject
Global
	GlobalSection(SolutionConfigurationPlatforms) = preSolution
		Debug|x64 = Debug|x64
		Debug|x86 = Debug|x86
		Release|x64 = Release|x64
		Release|x86 = Release|x86
	EndGlobalSection
	GlobalSection(ProjectConfigurationPlatforms) = postSolution
		{97FDDB86-01BA-45EE-9872-E36C6C1B35C9}.Debug|x64.ActiveCfg = Debug|x64
		{97FDDB86-01BA-45EE-9872-E36C6C1B35C9}.Debug|x64.Build.0 = Debug|x64
		{97FDDB86-01BA-45EE-9872-E36C6C1B35C9}.Debug|x86.ActiveCfg = Debug|Win32
		{97FDDB86-01BA-45EE-9872-E36C6C1B35C9}.Debug|x86.Build.0 = Debug|Win32
		{97FDDB86-01BA-45EE-9872-E36C6C1B35C9}.Release|x64.ActiveCfg = Release|x64
		{97FDDB86-01BA-45EE-9872-E36C6C1B35C9}.Release|x64.Build.0 = Release|x64
		{97FDDB86-01BA-45EE-9872-E36C6C1B35C9}.Release|x86.ActiveCfg = Release|Win32
		{97FDDB86-01BA-45EE-9872-E36C6C1B35C9}.Release|x86.Build.0 = Release|Win32
	EndGlobalSection
	GlobalSection(SolutionProperties) = preSolution
		HideSolutionNode = FALSE
	EndGlobalSection
	GlobalSection(ExtensibilityGlobals) = postSolution
		SolutionGuid = {C64E93E9-EC20-40B9-9524-0FD916DB2FAA}
	EndGlobalSection
EndGlobal
