
Microsoft Visual Studio Solution File, Format Version 12.00
# Visual Studio 15
VisualStudioVersion = 15.0.28307.102
MinimumVisualStudioVersion = 10.0.40219.1
Project("{8BC9CEB8-8B4A-11D0-8D11-00A0C91BC942}") = "Hospital_Managment_System", "Hospital_Managment_System\Hospital_Managment_System.vcxproj", "{95814833-530B-4CFA-BEC2-18FF3223AF97}"
EndProject
Global
	GlobalSection(SolutionConfigurationPlatforms) = preSolution
		Debug|x64 = Debug|x64
		Debug|x86 = Debug|x86
		Release|x64 = Release|x64
		Release|x86 = Release|x86
	EndGlobalSection
	GlobalSection(ProjectConfigurationPlatforms) = postSolution
		{95814833-530B-4CFA-BEC2-18FF3223AF97}.Debug|x64.ActiveCfg = Debug|x64
		{95814833-530B-4CFA-BEC2-18FF3223AF97}.Debug|x64.Build.0 = Debug|x64
		{95814833-530B-4CFA-BEC2-18FF3223AF97}.Debug|x86.ActiveCfg = Debug|Win32
		{95814833-530B-4CFA-BEC2-18FF3223AF97}.Debug|x86.Build.0 = Debug|Win32
		{95814833-530B-4CFA-BEC2-18FF3223AF97}.Release|x64.ActiveCfg = Release|x64
		{95814833-530B-4CFA-BEC2-18FF3223AF97}.Release|x64.Build.0 = Release|x64
		{95814833-530B-4CFA-BEC2-18FF3223AF97}.Release|x86.ActiveCfg = Release|Win32
		{95814833-530B-4CFA-BEC2-18FF3223AF97}.Release|x86.Build.0 = Release|Win32
	EndGlobalSection
	GlobalSection(SolutionProperties) = preSolution
		HideSolutionNode = FALSE
	EndGlobalSection
	GlobalSection(ExtensibilityGlobals) = postSolution
		SolutionGuid = {C2E32C00-D136-4A85-B35B-D219F0092874}
	EndGlobalSection
EndGlobal
