
Microsoft Visual Studio Solution File, Format Version 12.00
# Visual Studio 15
VisualStudioVersion = 15.0.28307.1267
MinimumVisualStudioVersion = 10.0.40219.1
Project("{8BC9CEB8-8B4A-11D0-8D11-00A0C91BC942}") = "COAL Lab Tasks Before MID", "COAL Lab Tasks Before MID\COAL Lab Tasks Before MID.vcxproj", "{210C048F-2200-425B-9807-789D3DBBDBC0}"
EndProject
Global
	GlobalSection(SolutionConfigurationPlatforms) = preSolution
		Debug|x64 = Debug|x64
		Debug|x86 = Debug|x86
		Release|x64 = Release|x64
		Release|x86 = Release|x86
	EndGlobalSection
	GlobalSection(ProjectConfigurationPlatforms) = postSolution
		{210C048F-2200-425B-9807-789D3DBBDBC0}.Debug|x64.ActiveCfg = Debug|x64
		{210C048F-2200-425B-9807-789D3DBBDBC0}.Debug|x64.Build.0 = Debug|x64
		{210C048F-2200-425B-9807-789D3DBBDBC0}.Debug|x86.ActiveCfg = Debug|Win32
		{210C048F-2200-425B-9807-789D3DBBDBC0}.Debug|x86.Build.0 = Debug|Win32
		{210C048F-2200-425B-9807-789D3DBBDBC0}.Release|x64.ActiveCfg = Release|x64
		{210C048F-2200-425B-9807-789D3DBBDBC0}.Release|x64.Build.0 = Release|x64
		{210C048F-2200-425B-9807-789D3DBBDBC0}.Release|x86.ActiveCfg = Release|Win32
		{210C048F-2200-425B-9807-789D3DBBDBC0}.Release|x86.Build.0 = Release|Win32
	EndGlobalSection
	GlobalSection(SolutionProperties) = preSolution
		HideSolutionNode = FALSE
	EndGlobalSection
	GlobalSection(ExtensibilityGlobals) = postSolution
		SolutionGuid = {D4AB89AE-6DDD-454A-B9AF-86F66B8B4702}
	EndGlobalSection
EndGlobal
