
Microsoft Visual Studio Solution File, Format Version 12.00
# Visual Studio 15
VisualStudioVersion = 15.0.28307.102
MinimumVisualStudioVersion = 10.0.40219.1
Project("{8BC9CEB8-8B4A-11D0-8D11-00A0C91BC942}") = "Lab 8", "Lab 8\Lab 8.vcxproj", "{8844D9D1-25E5-4702-8738-66C0CCF9C8CC}"
EndProject
Global
	GlobalSection(SolutionConfigurationPlatforms) = preSolution
		Debug|x64 = Debug|x64
		Debug|x86 = Debug|x86
		Release|x64 = Release|x64
		Release|x86 = Release|x86
	EndGlobalSection
	GlobalSection(ProjectConfigurationPlatforms) = postSolution
		{8844D9D1-25E5-4702-8738-66C0CCF9C8CC}.Debug|x64.ActiveCfg = Debug|x64
		{8844D9D1-25E5-4702-8738-66C0CCF9C8CC}.Debug|x64.Build.0 = Debug|x64
		{8844D9D1-25E5-4702-8738-66C0CCF9C8CC}.Debug|x86.ActiveCfg = Debug|Win32
		{8844D9D1-25E5-4702-8738-66C0CCF9C8CC}.Debug|x86.Build.0 = Debug|Win32
		{8844D9D1-25E5-4702-8738-66C0CCF9C8CC}.Release|x64.ActiveCfg = Release|x64
		{8844D9D1-25E5-4702-8738-66C0CCF9C8CC}.Release|x64.Build.0 = Release|x64
		{8844D9D1-25E5-4702-8738-66C0CCF9C8CC}.Release|x86.ActiveCfg = Release|Win32
		{8844D9D1-25E5-4702-8738-66C0CCF9C8CC}.Release|x86.Build.0 = Release|Win32
	EndGlobalSection
	GlobalSection(SolutionProperties) = preSolution
		HideSolutionNode = FALSE
	EndGlobalSection
	GlobalSection(ExtensibilityGlobals) = postSolution
		SolutionGuid = {E307F9FA-69ED-4A38-B336-A57CAA4E093D}
	EndGlobalSection
EndGlobal
